{
  "version": "5",
  "specifiers": {
    "jsr:@cliffy/command@1.0.0-rc.7": "1.0.0-rc.7",
    "jsr:@cliffy/flags@1.0.0-rc.7": "1.0.0-rc.7",
    "jsr:@cliffy/internal@1.0.0-rc.7": "1.0.0-rc.7",
    "jsr:@cliffy/table@1.0.0-rc.7": "1.0.0-rc.7",
    "jsr:@std/fmt@~1.0.2": "1.0.6",
    "jsr:@std/fs@1.0.4": "1.0.4",
    "jsr:@std/path@^1.0.6": "1.0.8",
    "jsr:@std/text@~1.0.7": "1.0.11",
    "npm:change-case@*": "5.4.4",
    "npm:change-case@^5.4.4": "5.4.4",
    "npm:n2words@*": "1.23.0",
    "npm:n2words@^1.23.0": "1.23.0",
    "npm:simple-icons@*": "15.14.0",
    "npm:simple-icons@15.14.0": "15.14.0"
  },
  "jsr": {
    "@cliffy/command@1.0.0-rc.7": {
      "integrity": "1288808d7a3cd18b86c24c2f920e47a6d954b7e23cadc35c8cbd78f8be41f0cd",
      "dependencies": [
        "jsr:@cliffy/flags",
        "jsr:@cliffy/internal",
        "jsr:@cliffy/table",
        "jsr:@std/fmt",
        "jsr:@std/text"
      ]
    },
    "@cliffy/flags@1.0.0-rc.7": {
      "integrity": "318d9be98f6a6417b108e03dec427dea96cdd41a15beb21d2554ae6da450a781",
      "dependencies": [
        "jsr:@std/text"
      ]
    },
    "@cliffy/internal@1.0.0-rc.7": {
      "integrity": "10412636ab3e67517d448be9eaab1b70c88eba9be22617b5d146257a11cc9b17"
    },
    "@cliffy/table@1.0.0-rc.7": {
      "integrity": "9fdd9776eda28a0b397981c400eeb1aa36da2371b43eefe12e6ff555290e3180",
      "dependencies": [
        "jsr:@std/fmt"
      ]
    },
    "@std/fmt@1.0.6": {
      "integrity": "a2c56a69a2369876ddb3ad6a500bb6501b5bad47bb3ea16bfb0c18974d2661fc"
    },
    "@std/fs@1.0.4": {
      "integrity": "2907d32d8d1d9e540588fd5fe0ec21ee638134bd51df327ad4e443aaef07123c",
      "dependencies": [
        "jsr:@std/path"
      ]
    },
    "@std/path@1.0.8": {
      "integrity": "548fa456bb6a04d3c1a1e7477986b6cffbce95102d0bb447c67c4ee70e0364be"
    },
    "@std/text@1.0.11": {
      "integrity": "f191fa22590cac8b1cdba6cc4ab97940e720f7cc67b3084e54405b428bf5843d"
    }
  },
  "npm": {
    "change-case@5.4.4": {
      "integrity": "sha512-HRQyTk2/YPEkt9TnUPbOpr64Uw3KOicFWPVBb+xiHvd6eBx/qPr9xqfBFDT8P2vWsvvz4jbEkfDe71W3VyNu2w=="
    },
    "n2words@1.23.0": {
      "integrity": "sha512-pCSwrwCRBtga4LR/GDKMaREqA6U7Ftx3YcL07HSU+1bi//2I+ByLCAbEkqBi/EkNiG0F/3Z0wsgofwjeLylXcQ=="
    },
    "simple-icons@15.14.0": {
      "integrity": "sha512-eTBZiiwDFN8RPkcmHKoUz1+sckeqNQXv5ujQcgQddDzp3xuDIFWeZh/i0oEv1StOPsf9NPMC0gTBxUzhPqHzag=="
    }
  },
  "workspace": {
    "packageJson": {
      "dependencies": [
        "npm:change-case@^5.4.4",
        "npm:n2words@^1.23.0",
        "npm:simple-icons@15.14.0"
      ]
    }
  }
}
